
Microsoft Visual Studio Solution File, Format Version 12.00
# Visual Studio 14
VisualStudioVersion = 14.0.25420.1
MinimumVisualStudioVersion = 10.0.40219.1
Project("{FAE04EC0-301F-11D3-BF4B-00C04F79EFBC}") = "BrainShare.Droid", "BrainShare\BrainShare.Droid\BrainShare.Droid.csproj", "{455B887B-2AE5-47A7-BC8F-2ED6ADF62E4E}"
EndProject
Project("{FAE04EC0-301F-11D3-BF4B-00C04F79EFBC}") = "BrainShare.iOS", "BrainShare\BrainShare.iOS\BrainShare.iOS.csproj", "{350CDA42-D9E8-440C-9625-B41E6ED38E0B}"
EndProject
Project("{FAE04EC0-301F-11D3-BF4B-00C04F79EFBC}") = "BrainShare.WinPhone", "BrainShare\BrainShare.WinPhone\BrainShare.WinPhone.csproj", "{08960B5B-2D29-44D2-80A3-DA9CBC975D3E}"
EndProject
Project("{FAE04EC0-301F-11D3-BF4B-00C04F79EFBC}") = "BrainShare", "BrainShare\BrainShare\BrainShare.csproj", "{A46AC76F-4291-40F7-9A77-448F80F2296B}"
EndProject
Global
	GlobalSection(SolutionConfigurationPlatforms) = preSolution
		Ad-Hoc|Any CPU = Ad-Hoc|Any CPU
		Ad-Hoc|ARM = Ad-Hoc|ARM
		Ad-Hoc|iPhone = Ad-Hoc|iPhone
		Ad-Hoc|iPhoneSimulator = Ad-Hoc|iPhoneSimulator
		Ad-Hoc|x64 = Ad-Hoc|x64
		Ad-Hoc|x86 = Ad-Hoc|x86
		AppStore|Any CPU = AppStore|Any CPU
		AppStore|ARM = AppStore|ARM
		AppStore|iPhone = AppStore|iPhone
		AppStore|iPhoneSimulator = AppStore|iPhoneSimulator
		AppStore|x64 = AppStore|x64
		AppStore|x86 = AppStore|x86
		Debug|Any CPU = Debug|Any CPU
		Debug|ARM = Debug|ARM
		Debug|iPhone = Debug|iPhone
		Debug|iPhoneSimulator = Debug|iPhoneSimulator
		Debug|x64 = Debug|x64
		Debug|x86 = Debug|x86
		Release|Any CPU = Release|Any CPU
		Release|ARM = Release|ARM
		Release|iPhone = Release|iPhone
		Release|iPhoneSimulator = Release|iPhoneSimulator
		Release|x64 = Release|x64
		Release|x86 = Release|x86
	EndGlobalSection
	GlobalSection(ProjectConfigurationPlatforms) = postSolution
		{455B887B-2AE5-47A7-BC8F-2ED6ADF62E4E}.Ad-Hoc|Any CPU.ActiveCfg = Release|Any CPU
		{455B887B-2AE5-47A7-BC8F-2ED6ADF62E4E}.Ad-Hoc|Any CPU.Build.0 = Release|Any CPU
		{455B887B-2AE5-47A7-BC8F-2ED6ADF62E4E}.Ad-Hoc|Any CPU.Deploy.0 = Release|Any CPU
		{455B887B-2AE5-47A7-BC8F-2ED6ADF62E4E}.Ad-Hoc|ARM.ActiveCfg = Release|Any CPU
		{455B887B-2AE5-47A7-BC8F-2ED6ADF62E4E}.Ad-Hoc|ARM.Build.0 = Release|Any CPU
		{455B887B-2AE5-47A7-BC8F-2ED6ADF62E4E}.Ad-Hoc|ARM.Deploy.0 = Release|Any CPU
		{455B887B-2AE5-47A7-BC8F-2ED6ADF62E4E}.Ad-Hoc|iPhone.ActiveCfg = Release|Any CPU
		{455B887B-2AE5-47A7-BC8F-2ED6ADF62E4E}.Ad-Hoc|iPhone.Build.0 = Release|Any CPU
		{455B887B-2AE5-47A7-BC8F-2ED6ADF62E4E}.Ad-Hoc|iPhone.Deploy.0 = Release|Any CPU
		{455B887B-2AE5-47A7-BC8F-2ED6ADF62E4E}.Ad-Hoc|iPhoneSimulator.ActiveCfg = Release|Any CPU
		{455B887B-2AE5-47A7-BC8F-2ED6ADF62E4E}.Ad-Hoc|iPhoneSimulator.Build.0 = Release|Any CPU
		{455B887B-2AE5-47A7-BC8F-2ED6ADF62E4E}.Ad-Hoc|iPhoneSimulator.Deploy.0 = Release|Any CPU
		{455B887B-2AE5-47A7-BC8F-2ED6ADF62E4E}.Ad-Hoc|x64.ActiveCfg = Release|Any CPU
		{455B887B-2AE5-47A7-BC8F-2ED6ADF62E4E}.Ad-Hoc|x64.Build.0 = Release|Any CPU
		{455B887B-2AE5-47A7-BC8F-2ED6ADF62E4E}.Ad-Hoc|x64.Deploy.0 = Release|Any CPU
		{455B887B-2AE5-47A7-BC8F-2ED6ADF62E4E}.Ad-Hoc|x86.ActiveCfg = Release|Any CPU
		{455B887B-2AE5-47A7-BC8F-2ED6ADF62E4E}.Ad-Hoc|x86.Build.0 = Release|Any CPU
		{455B887B-2AE5-47A7-BC8F-2ED6ADF62E4E}.Ad-Hoc|x86.Deploy.0 = Release|Any CPU
		{455B887B-2AE5-47A7-BC8F-2ED6ADF62E4E}.AppStore|Any CPU.ActiveCfg = Release|Any CPU
		{455B887B-2AE5-47A7-BC8F-2ED6ADF62E4E}.AppStore|Any CPU.Build.0 = Release|Any CPU
		{455B887B-2AE5-47A7-BC8F-2ED6ADF62E4E}.AppStore|Any CPU.Deploy.0 = Release|Any CPU
		{455B887B-2AE5-47A7-BC8F-2ED6ADF62E4E}.AppStore|ARM.ActiveCfg = Release|Any CPU
		{455B887B-2AE5-47A7-BC8F-2ED6ADF62E4E}.AppStore|ARM.Build.0 = Release|Any CPU
		{455B887B-2AE5-47A7-BC8F-2ED6ADF62E4E}.AppStore|ARM.Deploy.0 = Release|Any CPU
		{455B887B-2AE5-47A7-BC8F-2ED6ADF62E4E}.AppStore|iPhone.ActiveCfg = Release|Any CPU
		{455B887B-2AE5-47A7-BC8F-2ED6ADF62E4E}.AppStore|iPhone.Build.0 = Release|Any CPU
		{455B887B-2AE5-47A7-BC8F-2ED6ADF62E4E}.AppStore|iPhone.Deploy.0 = Release|Any CPU
		{455B887B-2AE5-47A7-BC8F-2ED6ADF62E4E}.AppStore|iPhoneSimulator.ActiveCfg = Release|Any CPU
		{455B887B-2AE5-47A7-BC8F-2ED6ADF62E4E}.AppStore|iPhoneSimulator.Build.0 = Release|Any CPU
		{455B887B-2AE5-47A7-BC8F-2ED6ADF62E4E}.AppStore|iPhoneSimulator.Deploy.0 = Release|Any CPU
		{455B887B-2AE5-47A7-BC8F-2ED6ADF62E4E}.AppStore|x64.ActiveCfg = Release|Any CPU
		{455B887B-2AE5-47A7-BC8F-2ED6ADF62E4E}.AppStore|x64.Build.0 = Release|Any CPU
		{455B887B-2AE5-47A7-BC8F-2ED6ADF62E4E}.AppStore|x64.Deploy.0 = Release|Any CPU
		{455B887B-2AE5-47A7-BC8F-2ED6ADF62E4E}.AppStore|x86.ActiveCfg = Release|Any CPU
		{455B887B-2AE5-47A7-BC8F-2ED6ADF62E4E}.AppStore|x86.Build.0 = Release|Any CPU
		{455B887B-2AE5-47A7-BC8F-2ED6ADF62E4E}.AppStore|x86.Deploy.0 = Release|Any CPU
		{455B887B-2AE5-47A7-BC8F-2ED6ADF62E4E}.Debug|Any CPU.ActiveCfg = Debug|Any CPU
		{455B887B-2AE5-47A7-BC8F-2ED6ADF62E4E}.Debug|Any CPU.Build.0 = Debug|Any CPU
		{455B887B-2AE5-47A7-BC8F-2ED6ADF62E4E}.Debug|Any CPU.Deploy.0 = Debug|Any CPU
		{455B887B-2AE5-47A7-BC8F-2ED6ADF62E4E}.Debug|ARM.ActiveCfg = Debug|Any CPU
		{455B887B-2AE5-47A7-BC8F-2ED6ADF62E4E}.Debug|ARM.Build.0 = Debug|Any CPU
		{455B887B-2AE5-47A7-BC8F-2ED6ADF62E4E}.Debug|ARM.Deploy.0 = Debug|Any CPU
		{455B887B-2AE5-47A7-BC8F-2ED6ADF62E4E}.Debug|iPhone.ActiveCfg = Debug|Any CPU
		{455B887B-2AE5-47A7-BC8F-2ED6ADF62E4E}.Debug|iPhone.Build.0 = Debug|Any CPU
		{455B887B-2AE5-47A7-BC8F-2ED6ADF62E4E}.Debug|iPhone.Deploy.0 = Debug|Any CPU
		{455B887B-2AE5-47A7-BC8F-2ED6ADF62E4E}.Debug|iPhoneSimulator.ActiveCfg = Debug|Any CPU
		{455B887B-2AE5-47A7-BC8F-2ED6ADF62E4E}.Debug|iPhoneSimulator.Build.0 = Debug|Any CPU
		{455B887B-2AE5-47A7-BC8F-2ED6ADF62E4E}.Debug|iPhoneSimulator.Deploy.0 = Debug|Any CPU
		{455B887B-2AE5-47A7-BC8F-2ED6ADF62E4E}.Debug|x64.ActiveCfg = Debug|Any CPU
		{455B887B-2AE5-47A7-BC8F-2ED6ADF62E4E}.Debug|x64.Build.0 = Debug|Any CPU
		{455B887B-2AE5-47A7-BC8F-2ED6ADF62E4E}.Debug|x64.Deploy.0 = Debug|Any CPU
		{455B887B-2AE5-47A7-BC8F-2ED6ADF62E4E}.Debug|x86.ActiveCfg = Debug|Any CPU
		{455B887B-2AE5-47A7-BC8F-2ED6ADF62E4E}.Debug|x86.Build.0 = Debug|Any CPU
		{455B887B-2AE5-47A7-BC8F-2ED6ADF62E4E}.Debug|x86.Deploy.0 = Debug|Any CPU
		{455B887B-2AE5-47A7-BC8F-2ED6ADF62E4E}.Release|Any CPU.ActiveCfg = Release|Any CPU
		{455B887B-2AE5-47A7-BC8F-2ED6ADF62E4E}.Release|Any CPU.Build.0 = Release|Any CPU
		{455B887B-2AE5-47A7-BC8F-2ED6ADF62E4E}.Release|Any CPU.Deploy.0 = Release|Any CPU
		{455B887B-2AE5-47A7-BC8F-2ED6ADF62E4E}.Release|ARM.ActiveCfg = Release|Any CPU
		{455B887B-2AE5-47A7-BC8F-2ED6ADF62E4E}.Release|ARM.Build.0 = Release|Any CPU
		{455B887B-2AE5-47A7-BC8F-2ED6ADF62E4E}.Release|ARM.Deploy.0 = Release|Any CPU
		{455B887B-2AE5-47A7-BC8F-2ED6ADF62E4E}.Release|iPhone.ActiveCfg = Release|Any CPU
		{455B887B-2AE5-47A7-BC8F-2ED6ADF62E4E}.Release|iPhone.Build.0 = Release|Any CPU
		{455B887B-2AE5-47A7-BC8F-2ED6ADF62E4E}.Release|iPhone.Deploy.0 = Release|Any CPU
		{455B887B-2AE5-47A7-BC8F-2ED6ADF62E4E}.Release|iPhoneSimulator.ActiveCfg = Release|Any CPU
		{455B887B-2AE5-47A7-BC8F-2ED6ADF62E4E}.Release|iPhoneSimulator.Build.0 = Release|Any CPU
		{455B887B-2AE5-47A7-BC8F-2ED6ADF62E4E}.Release|iPhoneSimulator.Deploy.0 = Release|Any CPU
		{455B887B-2AE5-47A7-BC8F-2ED6ADF62E4E}.Release|x64.ActiveCfg = Release|Any CPU
		{455B887B-2AE5-47A7-BC8F-2ED6ADF62E4E}.Release|x64.Build.0 = Release|Any CPU
		{455B887B-2AE5-47A7-BC8F-2ED6ADF62E4E}.Release|x64.Deploy.0 = Release|Any CPU
		{455B887B-2AE5-47A7-BC8F-2ED6ADF62E4E}.Release|x86.ActiveCfg = Release|Any CPU
		{455B887B-2AE5-47A7-BC8F-2ED6ADF62E4E}.Release|x86.Build.0 = Release|Any CPU
		{455B887B-2AE5-47A7-BC8F-2ED6ADF62E4E}.Release|x86.Deploy.0 = Release|Any CPU
		{350CDA42-D9E8-440C-9625-B41E6ED38E0B}.Ad-Hoc|Any CPU.ActiveCfg = Ad-Hoc|iPhone
		{350CDA42-D9E8-440C-9625-B41E6ED38E0B}.Ad-Hoc|ARM.ActiveCfg = Ad-Hoc|iPhone
		{350CDA42-D9E8-440C-9625-B41E6ED38E0B}.Ad-Hoc|iPhone.ActiveCfg = Ad-Hoc|iPhone
		{350CDA42-D9E8-440C-9625-B41E6ED38E0B}.Ad-Hoc|iPhone.Build.0 = Ad-Hoc|iPhone
		{350CDA42-D9E8-440C-9625-B41E6ED38E0B}.Ad-Hoc|iPhoneSimulator.ActiveCfg = Ad-Hoc|iPhoneSimulator
		{350CDA42-D9E8-440C-9625-B41E6ED38E0B}.Ad-Hoc|iPhoneSimulator.Build.0 = Ad-Hoc|iPhoneSimulator
		{350CDA42-D9E8-440C-9625-B41E6ED38E0B}.Ad-Hoc|x64.ActiveCfg = Ad-Hoc|iPhone
		{350CDA42-D9E8-440C-9625-B41E6ED38E0B}.Ad-Hoc|x86.ActiveCfg = Ad-Hoc|iPhone
		{350CDA42-D9E8-440C-9625-B41E6ED38E0B}.AppStore|Any CPU.ActiveCfg = AppStore|iPhone
		{350CDA42-D9E8-440C-9625-B41E6ED38E0B}.AppStore|ARM.ActiveCfg = AppStore|iPhone
		{350CDA42-D9E8-440C-9625-B41E6ED38E0B}.AppStore|iPhone.ActiveCfg = AppStore|iPhone
		{350CDA42-D9E8-440C-9625-B41E6ED38E0B}.AppStore|iPhone.Build.0 = AppStore|iPhone
		{350CDA42-D9E8-440C-9625-B41E6ED38E0B}.AppStore|iPhoneSimulator.ActiveCfg = AppStore|iPhoneSimulator
		{350CDA42-D9E8-440C-9625-B41E6ED38E0B}.AppStore|iPhoneSimulator.Build.0 = AppStore|iPhoneSimulator
		{350CDA42-D9E8-440C-9625-B41E6ED38E0B}.AppStore|x64.ActiveCfg = AppStore|iPhone
		{350CDA42-D9E8-440C-9625-B41E6ED38E0B}.AppStore|x86.ActiveCfg = AppStore|iPhone
		{350CDA42-D9E8-440C-9625-B41E6ED38E0B}.Debug|Any CPU.ActiveCfg = Debug|iPhone
		{350CDA42-D9E8-440C-9625-B41E6ED38E0B}.Debug|ARM.ActiveCfg = Debug|iPhone
		{350CDA42-D9E8-440C-9625-B41E6ED38E0B}.Debug|iPhone.ActiveCfg = Debug|iPhone
		{350CDA42-D9E8-440C-9625-B41E6ED38E0B}.Debug|iPhone.Build.0 = Debug|iPhone
		{350CDA42-D9E8-440C-9625-B41E6ED38E0B}.Debug|iPhoneSimulator.ActiveCfg = Debug|iPhoneSimulator
		{350CDA42-D9E8-440C-9625-B41E6ED38E0B}.Debug|iPhoneSimulator.Build.0 = Debug|iPhoneSimulator
		{350CDA42-D9E8-440C-9625-B41E6ED38E0B}.Debug|x64.ActiveCfg = Debug|iPhone
		{350CDA42-D9E8-440C-9625-B41E6ED38E0B}.Debug|x86.ActiveCfg = Debug|iPhone
		{350CDA42-D9E8-440C-9625-B41E6ED38E0B}.Release|Any CPU.ActiveCfg = Release|iPhone
		{350CDA42-D9E8-440C-9625-B41E6ED38E0B}.Release|ARM.ActiveCfg = Release|iPhone
		{350CDA42-D9E8-440C-9625-B41E6ED38E0B}.Release|iPhone.ActiveCfg = Release|iPhone
		{350CDA42-D9E8-440C-9625-B41E6ED38E0B}.Release|iPhone.Build.0 = Release|iPhone
		{350CDA42-D9E8-440C-9625-B41E6ED38E0B}.Release|iPhoneSimulator.ActiveCfg = Release|iPhoneSimulator
		{350CDA42-D9E8-440C-9625-B41E6ED38E0B}.Release|iPhoneSimulator.Build.0 = Release|iPhoneSimulator
		{350CDA42-D9E8-440C-9625-B41E6ED38E0B}.Release|x64.ActiveCfg = Release|iPhone
		{350CDA42-D9E8-440C-9625-B41E6ED38E0B}.Release|x86.ActiveCfg = Release|iPhone
		{08960B5B-2D29-44D2-80A3-DA9CBC975D3E}.Ad-Hoc|Any CPU.ActiveCfg = Release|Any CPU
		{08960B5B-2D29-44D2-80A3-DA9CBC975D3E}.Ad-Hoc|Any CPU.Build.0 = Release|Any CPU
		{08960B5B-2D29-44D2-80A3-DA9CBC975D3E}.Ad-Hoc|Any CPU.Deploy.0 = Release|Any CPU
		{08960B5B-2D29-44D2-80A3-DA9CBC975D3E}.Ad-Hoc|ARM.ActiveCfg = Release|ARM
		{08960B5B-2D29-44D2-80A3-DA9CBC975D3E}.Ad-Hoc|ARM.Build.0 = Release|ARM
		{08960B5B-2D29-44D2-80A3-DA9CBC975D3E}.Ad-Hoc|ARM.Deploy.0 = Release|ARM
		{08960B5B-2D29-44D2-80A3-DA9CBC975D3E}.Ad-Hoc|iPhone.ActiveCfg = Release|Any CPU
		{08960B5B-2D29-44D2-80A3-DA9CBC975D3E}.Ad-Hoc|iPhone.Build.0 = Release|Any CPU
		{08960B5B-2D29-44D2-80A3-DA9CBC975D3E}.Ad-Hoc|iPhone.Deploy.0 = Release|Any CPU
		{08960B5B-2D29-44D2-80A3-DA9CBC975D3E}.Ad-Hoc|iPhoneSimulator.ActiveCfg = Release|Any CPU
		{08960B5B-2D29-44D2-80A3-DA9CBC975D3E}.Ad-Hoc|iPhoneSimulator.Build.0 = Release|Any CPU
		{08960B5B-2D29-44D2-80A3-DA9CBC975D3E}.Ad-Hoc|iPhoneSimulator.Deploy.0 = Release|Any CPU
		{08960B5B-2D29-44D2-80A3-DA9CBC975D3E}.Ad-Hoc|x64.ActiveCfg = Release|Any CPU
		{08960B5B-2D29-44D2-80A3-DA9CBC975D3E}.Ad-Hoc|x64.Build.0 = Release|Any CPU
		{08960B5B-2D29-44D2-80A3-DA9CBC975D3E}.Ad-Hoc|x64.Deploy.0 = Release|Any CPU
		{08960B5B-2D29-44D2-80A3-DA9CBC975D3E}.Ad-Hoc|x86.ActiveCfg = Release|x86
		{08960B5B-2D29-44D2-80A3-DA9CBC975D3E}.Ad-Hoc|x86.Build.0 = Release|x86
		{08960B5B-2D29-44D2-80A3-DA9CBC975D3E}.Ad-Hoc|x86.Deploy.0 = Release|x86
		{08960B5B-2D29-44D2-80A3-DA9CBC975D3E}.AppStore|Any CPU.ActiveCfg = Release|Any CPU
		{08960B5B-2D29-44D2-80A3-DA9CBC975D3E}.AppStore|Any CPU.Build.0 = Release|Any CPU
		{08960B5B-2D29-44D2-80A3-DA9CBC975D3E}.AppStore|Any CPU.Deploy.0 = Release|Any CPU
		{08960B5B-2D29-44D2-80A3-DA9CBC975D3E}.AppStore|ARM.ActiveCfg = Release|ARM
		{08960B5B-2D29-44D2-80A3-DA9CBC975D3E}.AppStore|ARM.Build.0 = Release|ARM
		{08960B5B-2D29-44D2-80A3-DA9CBC975D3E}.AppStore|ARM.Deploy.0 = Release|ARM
		{08960B5B-2D29-44D2-80A3-DA9CBC975D3E}.AppStore|iPhone.ActiveCfg = Release|Any CPU
		{08960B5B-2D29-44D2-80A3-DA9CBC975D3E}.AppStore|iPhone.Build.0 = Release|Any CPU
		{08960B5B-2D29-44D2-80A3-DA9CBC975D3E}.AppStore|iPhone.Deploy.0 = Release|Any CPU
		{08960B5B-2D29-44D2-80A3-DA9CBC975D3E}.AppStore|iPhoneSimulator.ActiveCfg = Release|Any CPU
		{08960B5B-2D29-44D2-80A3-DA9CBC975D3E}.AppStore|iPhoneSimulator.Build.0 = Release|Any CPU
		{08960B5B-2D29-44D2-80A3-DA9CBC975D3E}.AppStore|iPhoneSimulator.Deploy.0 = Release|Any CPU
		{08960B5B-2D29-44D2-80A3-DA9CBC975D3E}.AppStore|x64.ActiveCfg = Release|Any CPU
		{08960B5B-2D29-44D2-80A3-DA9CBC975D3E}.AppStore|x64.Build.0 = Release|Any CPU
		{08960B5B-2D29-44D2-80A3-DA9CBC975D3E}.AppStore|x64.Deploy.0 = Release|Any CPU
		{08960B5B-2D29-44D2-80A3-DA9CBC975D3E}.AppStore|x86.ActiveCfg = Release|x86
		{08960B5B-2D29-44D2-80A3-DA9CBC975D3E}.AppStore|x86.Build.0 = Release|x86
		{08960B5B-2D29-44D2-80A3-DA9CBC975D3E}.AppStore|x86.Deploy.0 = Release|x86
		{08960B5B-2D29-44D2-80A3-DA9CBC975D3E}.Debug|Any CPU.ActiveCfg = Debug|Any CPU
		{08960B5B-2D29-44D2-80A3-DA9CBC975D3E}.Debug|Any CPU.Build.0 = Debug|Any CPU
		{08960B5B-2D29-44D2-80A3-DA9CBC975D3E}.Debug|Any CPU.Deploy.0 = Debug|Any CPU
		{08960B5B-2D29-44D2-80A3-DA9CBC975D3E}.Debug|ARM.ActiveCfg = Debug|ARM
		{08960B5B-2D29-44D2-80A3-DA9CBC975D3E}.Debug|ARM.Build.0 = Debug|ARM
		{08960B5B-2D29-44D2-80A3-DA9CBC975D3E}.Debug|ARM.Deploy.0 = Debug|ARM
		{08960B5B-2D29-44D2-80A3-DA9CBC975D3E}.Debug|iPhone.ActiveCfg = Debug|Any CPU
		{08960B5B-2D29-44D2-80A3-DA9CBC975D3E}.Debug|iPhone.Build.0 = Debug|Any CPU
		{08960B5B-2D29-44D2-80A3-DA9CBC975D3E}.Debug|iPhone.Deploy.0 = Debug|Any CPU
		{08960B5B-2D29-44D2-80A3-DA9CBC975D3E}.Debug|iPhoneSimulator.ActiveCfg = Debug|Any CPU
		{08960B5B-2D29-44D2-80A3-DA9CBC975D3E}.Debug|iPhoneSimulator.Build.0 = Debug|Any CPU
		{08960B5B-2D29-44D2-80A3-DA9CBC975D3E}.Debug|iPhoneSimulator.Deploy.0 = Debug|Any CPU
		{08960B5B-2D29-44D2-80A3-DA9CBC975D3E}.Debug|x64.ActiveCfg = Debug|Any CPU
		{08960B5B-2D29-44D2-80A3-DA9CBC975D3E}.Debug|x64.Build.0 = Debug|Any CPU
		{08960B5B-2D29-44D2-80A3-DA9CBC975D3E}.Debug|x64.Deploy.0 = Debug|Any CPU
		{08960B5B-2D29-44D2-80A3-DA9CBC975D3E}.Debug|x86.ActiveCfg = Debug|x86
		{08960B5B-2D29-44D2-80A3-DA9CBC975D3E}.Debug|x86.Build.0 = Debug|x86
		{08960B5B-2D29-44D2-80A3-DA9CBC975D3E}.Debug|x86.Deploy.0 = Debug|x86
		{08960B5B-2D29-44D2-80A3-DA9CBC975D3E}.Release|Any CPU.ActiveCfg = Release|Any CPU
		{08960B5B-2D29-44D2-80A3-DA9CBC975D3E}.Release|Any CPU.Build.0 = Release|Any CPU
		{08960B5B-2D29-44D2-80A3-DA9CBC975D3E}.Release|Any CPU.Deploy.0 = Release|Any CPU
		{08960B5B-2D29-44D2-80A3-DA9CBC975D3E}.Release|ARM.ActiveCfg = Release|ARM
		{08960B5B-2D29-44D2-80A3-DA9CBC975D3E}.Release|ARM.Build.0 = Release|ARM
		{08960B5B-2D29-44D2-80A3-DA9CBC975D3E}.Release|ARM.Deploy.0 = Release|ARM
		{08960B5B-2D29-44D2-80A3-DA9CBC975D3E}.Release|iPhone.ActiveCfg = Release|Any CPU
		{08960B5B-2D29-44D2-80A3-DA9CBC975D3E}.Release|iPhone.Build.0 = Release|Any CPU
		{08960B5B-2D29-44D2-80A3-DA9CBC975D3E}.Release|iPhone.Deploy.0 = Release|Any CPU
		{08960B5B-2D29-44D2-80A3-DA9CBC975D3E}.Release|iPhoneSimulator.ActiveCfg = Release|Any CPU
		{08960B5B-2D29-44D2-80A3-DA9CBC975D3E}.Release|iPhoneSimulator.Build.0 = Release|Any CPU
		{08960B5B-2D29-44D2-80A3-DA9CBC975D3E}.Release|iPhoneSimulator.Deploy.0 = Release|Any CPU
		{08960B5B-2D29-44D2-80A3-DA9CBC975D3E}.Release|x64.ActiveCfg = Release|Any CPU
		{08960B5B-2D29-44D2-80A3-DA9CBC975D3E}.Release|x64.Build.0 = Release|Any CPU
		{08960B5B-2D29-44D2-80A3-DA9CBC975D3E}.Release|x64.Deploy.0 = Release|Any CPU
		{08960B5B-2D29-44D2-80A3-DA9CBC975D3E}.Release|x86.ActiveCfg = Release|x86
		{08960B5B-2D29-44D2-80A3-DA9CBC975D3E}.Release|x86.Build.0 = Release|x86
		{08960B5B-2D29-44D2-80A3-DA9CBC975D3E}.Release|x86.Deploy.0 = Release|x86
		{A46AC76F-4291-40F7-9A77-448F80F2296B}.Ad-Hoc|Any CPU.ActiveCfg = Release|Any CPU
		{A46AC76F-4291-40F7-9A77-448F80F2296B}.Ad-Hoc|Any CPU.Build.0 = Release|Any CPU
		{A46AC76F-4291-40F7-9A77-448F80F2296B}.Ad-Hoc|ARM.ActiveCfg = Release|Any CPU
		{A46AC76F-4291-40F7-9A77-448F80F2296B}.Ad-Hoc|ARM.Build.0 = Release|Any CPU
		{A46AC76F-4291-40F7-9A77-448F80F2296B}.Ad-Hoc|iPhone.ActiveCfg = Release|Any CPU
		{A46AC76F-4291-40F7-9A77-448F80F2296B}.Ad-Hoc|iPhone.Build.0 = Release|Any CPU
		{A46AC76F-4291-40F7-9A77-448F80F2296B}.Ad-Hoc|iPhoneSimulator.ActiveCfg = Release|Any CPU
		{A46AC76F-4291-40F7-9A77-448F80F2296B}.Ad-Hoc|iPhoneSimulator.Build.0 = Release|Any CPU
		{A46AC76F-4291-40F7-9A77-448F80F2296B}.Ad-Hoc|x64.ActiveCfg = Release|Any CPU
		{A46AC76F-4291-40F7-9A77-448F80F2296B}.Ad-Hoc|x64.Build.0 = Release|Any CPU
		{A46AC76F-4291-40F7-9A77-448F80F2296B}.Ad-Hoc|x86.ActiveCfg = Release|Any CPU
		{A46AC76F-4291-40F7-9A77-448F80F2296B}.Ad-Hoc|x86.Build.0 = Release|Any CPU
		{A46AC76F-4291-40F7-9A77-448F80F2296B}.AppStore|Any CPU.ActiveCfg = Release|Any CPU
		{A46AC76F-4291-40F7-9A77-448F80F2296B}.AppStore|Any CPU.Build.0 = Release|Any CPU
		{A46AC76F-4291-40F7-9A77-448F80F2296B}.AppStore|ARM.ActiveCfg = Release|Any CPU
		{A46AC76F-4291-40F7-9A77-448F80F2296B}.AppStore|ARM.Build.0 = Release|Any CPU
		{A46AC76F-4291-40F7-9A77-448F80F2296B}.AppStore|iPhone.ActiveCfg = Release|Any CPU
		{A46AC76F-4291-40F7-9A77-448F80F2296B}.AppStore|iPhone.Build.0 = Release|Any CPU
		{A46AC76F-4291-40F7-9A77-448F80F2296B}.AppStore|iPhoneSimulator.ActiveCfg = Release|Any CPU
		{A46AC76F-4291-40F7-9A77-448F80F2296B}.AppStore|iPhoneSimulator.Build.0 = Release|Any CPU
		{A46AC76F-4291-40F7-9A77-448F80F2296B}.AppStore|x64.ActiveCfg = Release|Any CPU
		{A46AC76F-4291-40F7-9A77-448F80F2296B}.AppStore|x64.Build.0 = Release|Any CPU
		{A46AC76F-4291-40F7-9A77-448F80F2296B}.AppStore|x86.ActiveCfg = Release|Any CPU
		{A46AC76F-4291-40F7-9A77-448F80F2296B}.AppStore|x86.Build.0 = Release|Any CPU
		{A46AC76F-4291-40F7-9A77-448F80F2296B}.Debug|Any CPU.ActiveCfg = Debug|Any CPU
		{A46AC76F-4291-40F7-9A77-448F80F2296B}.Debug|Any CPU.Build.0 = Debug|Any CPU
		{A46AC76F-4291-40F7-9A77-448F80F2296B}.Debug|ARM.ActiveCfg = Debug|Any CPU
		{A46AC76F-4291-40F7-9A77-448F80F2296B}.Debug|ARM.Build.0 = Debug|Any CPU
		{A46AC76F-4291-40F7-9A77-448F80F2296B}.Debug|iPhone.ActiveCfg = Debug|Any CPU
		{A46AC76F-4291-40F7-9A77-448F80F2296B}.Debug|iPhone.Build.0 = Debug|Any CPU
		{A46AC76F-4291-40F7-9A77-448F80F2296B}.Debug|iPhoneSimulator.ActiveCfg = Debug|Any CPU
		{A46AC76F-4291-40F7-9A77-448F80F2296B}.Debug|iPhoneSimulator.Build.0 = Debug|Any CPU
		{A46AC76F-4291-40F7-9A77-448F80F2296B}.Debug|x64.ActiveCfg = Debug|Any CPU
		{A46AC76F-4291-40F7-9A77-448F80F2296B}.Debug|x64.Build.0 = Debug|Any CPU
		{A46AC76F-4291-40F7-9A77-448F80F2296B}.Debug|x86.ActiveCfg = Debug|Any CPU
		{A46AC76F-4291-40F7-9A77-448F80F2296B}.Debug|x86.Build.0 = Debug|Any CPU
		{A46AC76F-4291-40F7-9A77-448F80F2296B}.Release|Any CPU.ActiveCfg = Release|Any CPU
		{A46AC76F-4291-40F7-9A77-448F80F2296B}.Release|Any CPU.Build.0 = Release|Any CPU
		{A46AC76F-4291-40F7-9A77-448F80F2296B}.Release|ARM.ActiveCfg = Release|Any CPU
		{A46AC76F-4291-40F7-9A77-448F80F2296B}.Release|ARM.Build.0 = Release|Any CPU
		{A46AC76F-4291-40F7-9A77-448F80F2296B}.Release|iPhone.ActiveCfg = Release|Any CPU
		{A46AC76F-4291-40F7-9A77-448F80F2296B}.Release|iPhone.Build.0 = Release|Any CPU
		{A46AC76F-4291-40F7-9A77-448F80F2296B}.Release|iPhoneSimulator.ActiveCfg = Release|Any CPU
		{A46AC76F-4291-40F7-9A77-448F80F2296B}.Release|iPhoneSimulator.Build.0 = Release|Any CPU
		{A46AC76F-4291-40F7-9A77-448F80F2296B}.Release|x64.ActiveCfg = Release|Any CPU
		{A46AC76F-4291-40F7-9A77-448F80F2296B}.Release|x64.Build.0 = Release|Any CPU
		{A46AC76F-4291-40F7-9A77-448F80F2296B}.Release|x86.ActiveCfg = Release|Any CPU
		{A46AC76F-4291-40F7-9A77-448F80F2296B}.Release|x86.Build.0 = Release|Any CPU
	EndGlobalSection
	GlobalSection(SolutionProperties) = preSolution
		HideSolutionNode = FALSE
	EndGlobalSection
EndGlobal
